
Microsoft Visual Studio Solution File, Format Version 12.00
# Visual Studio 2012
Project("{FAE04EC0-301F-11D3-BF4B-00C04F79EFBC}") = "Lski", "Lski\Lski.csproj", "{04E4A89B-DF48-460E-80D4-5C77D17615B0}"
EndProject
Project("{FAE04EC0-301F-11D3-BF4B-00C04F79EFBC}") = "Lski.Data", "Lski.Data\Lski.Data.csproj", "{A5C13FB2-8A62-47CF-BEC3-891A20EA6710}"
EndProject
Project("{FAE04EC0-301F-11D3-BF4B-00C04F79EFBC}") = "Lski.Windows.Forms", "Lski.Windows.Forms\Lski.Windows.Forms.csproj", "{EB756064-DC22-41B0-ADD2-0B11DD61CB9D}"
EndProject
Project("{FAE04EC0-301F-11D3-BF4B-00C04F79EFBC}") = "Lski.SqlServerFunctions", "Lski.SqlServerFunctions\Lski.SqlServerFunctions.csproj", "{077023A7-66CD-47C4-9BF1-E7EB443FEC58}"
EndProject
Project("{FAE04EC0-301F-11D3-BF4B-00C04F79EFBC}") = "Lski.Web", "Lski.Web\Lski.Web.csproj", "{164DF5D1-D6A5-4097-AE12-9E9F78CF4FC4}"
EndProject
Global
	GlobalSection(SolutionConfigurationPlatforms) = preSolution
		Debug|Any CPU = Debug|Any CPU
		Release|Any CPU = Release|Any CPU
	EndGlobalSection
	GlobalSection(ProjectConfigurationPlatforms) = postSolution
		{04E4A89B-DF48-460E-80D4-5C77D17615B0}.Debug|Any CPU.ActiveCfg = Debug|Any CPU
		{04E4A89B-DF48-460E-80D4-5C77D17615B0}.Debug|Any CPU.Build.0 = Debug|Any CPU
		{04E4A89B-DF48-460E-80D4-5C77D17615B0}.Release|Any CPU.ActiveCfg = Release|Any CPU
		{04E4A89B-DF48-460E-80D4-5C77D17615B0}.Release|Any CPU.Build.0 = Release|Any CPU
		{A5C13FB2-8A62-47CF-BEC3-891A20EA6710}.Debug|Any CPU.ActiveCfg = Debug|Any CPU
		{A5C13FB2-8A62-47CF-BEC3-891A20EA6710}.Debug|Any CPU.Build.0 = Debug|Any CPU
		{A5C13FB2-8A62-47CF-BEC3-891A20EA6710}.Release|Any CPU.ActiveCfg = Release|Any CPU
		{A5C13FB2-8A62-47CF-BEC3-891A20EA6710}.Release|Any CPU.Build.0 = Release|Any CPU
		{EB756064-DC22-41B0-ADD2-0B11DD61CB9D}.Debug|Any CPU.ActiveCfg = Debug|Any CPU
		{EB756064-DC22-41B0-ADD2-0B11DD61CB9D}.Debug|Any CPU.Build.0 = Debug|Any CPU
		{EB756064-DC22-41B0-ADD2-0B11DD61CB9D}.Release|Any CPU.ActiveCfg = Release|Any CPU
		{EB756064-DC22-41B0-ADD2-0B11DD61CB9D}.Release|Any CPU.Build.0 = Release|Any CPU
		{077023A7-66CD-47C4-9BF1-E7EB443FEC58}.Debug|Any CPU.ActiveCfg = Debug|Any CPU
		{077023A7-66CD-47C4-9BF1-E7EB443FEC58}.Debug|Any CPU.Build.0 = Debug|Any CPU
		{077023A7-66CD-47C4-9BF1-E7EB443FEC58}.Release|Any CPU.ActiveCfg = Release|Any CPU
		{077023A7-66CD-47C4-9BF1-E7EB443FEC58}.Release|Any CPU.Build.0 = Release|Any CPU
		{164DF5D1-D6A5-4097-AE12-9E9F78CF4FC4}.Debug|Any CPU.ActiveCfg = Debug|Any CPU
		{164DF5D1-D6A5-4097-AE12-9E9F78CF4FC4}.Debug|Any CPU.Build.0 = Debug|Any CPU
		{164DF5D1-D6A5-4097-AE12-9E9F78CF4FC4}.Release|Any CPU.ActiveCfg = Release|Any CPU
		{164DF5D1-D6A5-4097-AE12-9E9F78CF4FC4}.Release|Any CPU.Build.0 = Release|Any CPU
	EndGlobalSection
	GlobalSection(SolutionProperties) = preSolution
		HideSolutionNode = FALSE
	EndGlobalSection
EndGlobal
