
Microsoft Visual Studio Solution File, Format Version 12.00
# Visual Studio Version 16
VisualStudioVersion = 16.0.30320.27
MinimumVisualStudioVersion = 10.0.40219.1
Project("{9A19103F-16F7-4668-BE54-9A1E7A4F7556}") = "Lski.Toolbox", "Lski.Toolbox\Lski.Toolbox.csproj", "{04E4A89B-DF48-460E-80D4-5C77D17615B0}"
EndProject
Project("{FAE04EC0-301F-11D3-BF4B-00C04F79EFBC}") = "Lski.Toolbox.Test", "Lski.Toolbox.Test\Lski.Toolbox.Test.csproj", "{1C6B1AA6-7334-4E6B-BBB0-6B886F78BD9A}"
EndProject
Global
	GlobalSection(SolutionConfigurationPlatforms) = preSolution
		Debug|Any CPU = Debug|Any CPU
		Release|Any CPU = Release|Any CPU
	EndGlobalSection
	GlobalSection(ProjectConfigurationPlatforms) = postSolution
		{04E4A89B-DF48-460E-80D4-5C77D17615B0}.Debug|Any CPU.ActiveCfg = Debug|Any CPU
		{04E4A89B-DF48-460E-80D4-5C77D17615B0}.Debug|Any CPU.Build.0 = Debug|Any CPU
		{04E4A89B-DF48-460E-80D4-5C77D17615B0}.Release|Any CPU.ActiveCfg = Release|Any CPU
		{04E4A89B-DF48-460E-80D4-5C77D17615B0}.Release|Any CPU.Build.0 = Release|Any CPU
		{1C6B1AA6-7334-4E6B-BBB0-6B886F78BD9A}.Debug|Any CPU.ActiveCfg = Debug|Any CPU
		{1C6B1AA6-7334-4E6B-BBB0-6B886F78BD9A}.Debug|Any CPU.Build.0 = Debug|Any CPU
		{1C6B1AA6-7334-4E6B-BBB0-6B886F78BD9A}.Release|Any CPU.ActiveCfg = Release|Any CPU
		{1C6B1AA6-7334-4E6B-BBB0-6B886F78BD9A}.Release|Any CPU.Build.0 = Release|Any CPU
	EndGlobalSection
	GlobalSection(SolutionProperties) = preSolution
		HideSolutionNode = FALSE
	EndGlobalSection
	GlobalSection(ExtensibilityGlobals) = postSolution
		SolutionGuid = {5F19191F-7C03-4060-858D-8A1416915B27}
	EndGlobalSection
EndGlobal
